
Microsoft Visual Studio Solution File, Format Version 11.00
# Visual Studio 2010
Project("{FAE04EC0-301F-11D3-BF4B-00C04F79EFBC}") = "LoL Rune Builder", "Assembly-CSharp.csproj", "{EC80190D-BE6F-F1F0-1A67-1E7197AC7DFD}"
EndProject
Global
	GlobalSection(SolutionConfigurationPlatforms) = preSolution
		Debug|Any CPU = Debug|Any CPU
		Release|Any CPU = Release|Any CPU
	EndGlobalSection
	GlobalSection(ProjectConfigurationPlatforms) = postSolution
		{EC80190D-BE6F-F1F0-1A67-1E7197AC7DFD}.Debug|Any CPU.ActiveCfg = Debug|Any CPU
		{EC80190D-BE6F-F1F0-1A67-1E7197AC7DFD}.Debug|Any CPU.Build.0 = Debug|Any CPU
		{EC80190D-BE6F-F1F0-1A67-1E7197AC7DFD}.Release|Any CPU.ActiveCfg = Release|Any CPU
		{EC80190D-BE6F-F1F0-1A67-1E7197AC7DFD}.Release|Any CPU.Build.0 = Release|Any CPU
	EndGlobalSection
	GlobalSection(SolutionProperties) = preSolution
		HideSolutionNode = FALSE
	EndGlobalSection
	GlobalSection(MonoDevelopProperties) = preSolution
		StartupItem = Assembly-CSharp.csproj
	EndGlobalSection
EndGlobal
